
Microsoft Visual Studio Solution File, Format Version 12.00
# Visual Studio 2017
Project("{FAE04EC0-301F-11D3-BF4B-00C04F79EFBC}") = "Mapa twierdzy", "Mapa twierdzy.csproj", "{47EC8CE5-C499-537B-859F-EB4B3FCA7DE0}"
EndProject
Project("{FAE04EC0-301F-11D3-BF4B-00C04F79EFBC}") = "Mapa twierdzy.Editor", "Mapa twierdzy.Editor.csproj", "{7D4C9CF1-8F41-9E10-0B30-202D54FEE75A}"
EndProject
Global
	GlobalSection(SolutionConfigurationPlatforms) = preSolution
		Debug|Any CPU = Debug|Any CPU
		Release|Any CPU = Release|Any CPU
	EndGlobalSection
	GlobalSection(ProjectConfigurationPlatforms) = postSolution
		{47EC8CE5-C499-537B-859F-EB4B3FCA7DE0}.Debug|Any CPU.ActiveCfg = Debug|Any CPU
		{47EC8CE5-C499-537B-859F-EB4B3FCA7DE0}.Debug|Any CPU.Build.0 = Debug|Any CPU
		{47EC8CE5-C499-537B-859F-EB4B3FCA7DE0}.Release|Any CPU.ActiveCfg = Release|Any CPU
		{47EC8CE5-C499-537B-859F-EB4B3FCA7DE0}.Release|Any CPU.Build.0 = Release|Any CPU
		{7D4C9CF1-8F41-9E10-0B30-202D54FEE75A}.Debug|Any CPU.ActiveCfg = Debug|Any CPU
		{7D4C9CF1-8F41-9E10-0B30-202D54FEE75A}.Debug|Any CPU.Build.0 = Debug|Any CPU
		{7D4C9CF1-8F41-9E10-0B30-202D54FEE75A}.Release|Any CPU.ActiveCfg = Release|Any CPU
		{7D4C9CF1-8F41-9E10-0B30-202D54FEE75A}.Release|Any CPU.Build.0 = Release|Any CPU
	EndGlobalSection
	GlobalSection(SolutionProperties) = preSolution
		HideSolutionNode = FALSE
	EndGlobalSection
EndGlobal
