Microsoft Visual Studio Solution File, Format Version 11.00
# Visual Studio 2008

Project("{72CCA66D-8C32-5C5A-9887-7C4BFB74004E}") = "Mapa twierdzy", "Assembly-CSharp-vs.csproj", "{9E51CA26-42E5-51C7-3824-5A99C533BCF8}"
EndProject
Project("{72CCA66D-8C32-5C5A-9887-7C4BFB74004E}") = "Mapa twierdzy", "Assembly-CSharp-Editor-vs.csproj", "{B62DE3D2-56B3-E93B-EF8D-45A861FB9AC3}"
EndProject
Global
	GlobalSection(SolutionConfigurationPlatforms) = preSolution
		Debug|Any CPU = Debug|Any CPU
		Release|Any CPU = Release|Any CPU
	EndGlobalSection
	GlobalSection(ProjectConfigurationPlatforms) = postSolution
		{9E51CA26-42E5-51C7-3824-5A99C533BCF8}.Debug|Any CPU.ActiveCfg = Debug|Any CPU
		{9E51CA26-42E5-51C7-3824-5A99C533BCF8}.Debug|Any CPU.Build.0 = Debug|Any CPU
		{9E51CA26-42E5-51C7-3824-5A99C533BCF8}.Release|Any CPU.ActiveCfg = Release|Any CPU
		{9E51CA26-42E5-51C7-3824-5A99C533BCF8}.Release|Any CPU.Build.0 = Release|Any CPU
		{B62DE3D2-56B3-E93B-EF8D-45A861FB9AC3}.Debug|Any CPU.ActiveCfg = Debug|Any CPU
		{B62DE3D2-56B3-E93B-EF8D-45A861FB9AC3}.Debug|Any CPU.Build.0 = Debug|Any CPU
		{B62DE3D2-56B3-E93B-EF8D-45A861FB9AC3}.Release|Any CPU.ActiveCfg = Release|Any CPU
		{B62DE3D2-56B3-E93B-EF8D-45A861FB9AC3}.Release|Any CPU.Build.0 = Release|Any CPU
	EndGlobalSection
	GlobalSection(SolutionProperties) = preSolution
		HideSolutionNode = FALSE
	EndGlobalSection
																																																																																																																																																																																																																																																									GlobalSection(MonoDevelopProperties) = preSolution
		StartupItem = Assembly-CSharp.csproj
		Policies = $0
		$0.TextStylePolicy = $1
		$1.inheritsSet = null
		$1.scope = text/x-csharp
		$0.CSharpFormattingPolicy = $2
		$2.inheritsSet = Mono
		$2.inheritsScope = text/x-csharp
		$2.scope = text/x-csharp
		$0.TextStylePolicy = $3
		$3.FileWidth = 120
		$3.TabWidth = 4
		$3.IndentWidth = 4
		$3.EolMarker = Unix
		$3.inheritsSet = Mono
		$3.inheritsScope = text/plain
		$3.scope = text/plain
	EndGlobalSection

EndGlobal
